// !$*UTF8*$!
{
	archiveVersion = 1;
	classes = {
	};
	objectVersion = 50;
	objects = {

/* Begin PBXBuildFile section */
		B304D8D720C9EE09001AAC31 /* project4.cpp in Sources */ = {isa = PBXBuildFile; fileRef = B304D8D620C9EE09001AAC31 /* project4.cpp */; };
		B304D8E020C9EEB2001AAC31 /* zoo_A.cpp in Sources */ = {isa = PBXBuildFile; fileRef = B304D8DE20C9EEB2001AAC31 /* zoo_A.cpp */; };
		B304D8E320CA055C001AAC31 /* Makefile in Sources */ = {isa = PBXBuildFile; fileRef = B304D8E220CA055C001AAC31 /* Makefile */; };
		B387452820CAF4ED0037D10C /* zoo_B.cpp in Sources */ = {isa = PBXBuildFile; fileRef = B387452620CAF4ED0037D10C /* zoo_B.cpp */; };
		B387452C20CB39420037D10C /* zoo_C.cpp in Sources */ = {isa = PBXBuildFile; fileRef = B387452A20CB39420037D10C /* zoo_C.cpp */; };
/* End PBXBuildFile section */

/* Begin PBXCopyFilesBuildPhase section */
		B304D8D120C9EE09001AAC31 /* CopyFiles */ = {
			isa = PBXCopyFilesBuildPhase;
			buildActionMask = 2147483647;
			dstPath = /usr/share/man/man1/;
			dstSubfolderSpec = 0;
			files = (
			);
			runOnlyForDeploymentPostprocessing = 1;
		};
/* End PBXCopyFilesBuildPhase section */

/* Begin PBXFileReference section */
		B304D8D320C9EE09001AAC31 /* project4 */ = {isa = PBXFileReference; explicitFileType = "compiled.mach-o.executable"; includeInIndex = 0; path = project4; sourceTree = BUILT_PRODUCTS_DIR; };
		B304D8D620C9EE09001AAC31 /* project4.cpp */ = {isa = PBXFileReference; lastKnownFileType = sourcecode.cpp.cpp; path = project4.cpp; sourceTree = "<group>"; };
		B304D8DE20C9EEB2001AAC31 /* zoo_A.cpp */ = {isa = PBXFileReference; lastKnownFileType = sourcecode.cpp.cpp; path = zoo_A.cpp; sourceTree = "<group>"; };
		B304D8DF20C9EEB2001AAC31 /* zoo_A.h */ = {isa = PBXFileReference; lastKnownFileType = sourcecode.c.h; path = zoo_A.h; sourceTree = "<group>"; };
		B304D8E220CA055C001AAC31 /* Makefile */ = {isa = PBXFileReference; fileEncoding = 4; lastKnownFileType = sourcecode.make; path = Makefile; sourceTree = "<group>"; };
		B304D8E420CA0FE0001AAC31 /* input.txt */ = {isa = PBXFileReference; lastKnownFileType = text; path = input.txt; sourceTree = "<group>"; };
		B304D8E520CA25F3001AAC31 /* output-mst.txt */ = {isa = PBXFileReference; lastKnownFileType = text; path = "output-mst.txt"; sourceTree = "<group>"; };
		B387451C20CAEB2D0037D10C /* test-2-OPTTSP.txt */ = {isa = PBXFileReference; lastKnownFileType = text; path = "test-2-OPTTSP.txt"; sourceTree = "<group>"; };
		B387451D20CAEB2E0037D10C /* test-5-MST.txt */ = {isa = PBXFileReference; lastKnownFileType = text; path = "test-5-MST.txt"; sourceTree = "<group>"; };
		B387451E20CAEB2E0037D10C /* test-1-MST.txt */ = {isa = PBXFileReference; lastKnownFileType = text; path = "test-1-MST.txt"; sourceTree = "<group>"; };
		B387451F20CAEB2E0037D10C /* test-3-MST.txt */ = {isa = PBXFileReference; lastKnownFileType = text; path = "test-3-MST.txt"; sourceTree = "<group>"; };
		B387452020CAEB2E0037D10C /* test-4-FASTTSP.txt */ = {isa = PBXFileReference; lastKnownFileType = text; path = "test-4-FASTTSP.txt"; sourceTree = "<group>"; };
		B387452120CAF0080037D10C /* test-6-MST.txt */ = {isa = PBXFileReference; lastKnownFileType = text; path = "test-6-MST.txt"; sourceTree = "<group>"; };
		B387452220CAF0080037D10C /* test-9-OPTTSP.txt */ = {isa = PBXFileReference; lastKnownFileType = text; path = "test-9-OPTTSP.txt"; sourceTree = "<group>"; };
		B387452320CAF0090037D10C /* test-10-OPTTSP.txt */ = {isa = PBXFileReference; lastKnownFileType = text; path = "test-10-OPTTSP.txt"; sourceTree = "<group>"; };
		B387452520CAF0090037D10C /* test-8-MST.txt */ = {isa = PBXFileReference; lastKnownFileType = text; path = "test-8-MST.txt"; sourceTree = "<group>"; };
		B387452620CAF4ED0037D10C /* zoo_B.cpp */ = {isa = PBXFileReference; lastKnownFileType = sourcecode.cpp.cpp; path = zoo_B.cpp; sourceTree = "<group>"; };
		B387452720CAF4ED0037D10C /* zoo_B.h */ = {isa = PBXFileReference; lastKnownFileType = sourcecode.c.h; path = zoo_B.h; sourceTree = "<group>"; };
		B387452920CB0D410037D10C /* output-tsp.txt */ = {isa = PBXFileReference; lastKnownFileType = text; path = "output-tsp.txt"; sourceTree = "<group>"; };
		B387452A20CB39420037D10C /* zoo_C.cpp */ = {isa = PBXFileReference; lastKnownFileType = sourcecode.cpp.cpp; path = zoo_C.cpp; sourceTree = "<group>"; };
		B387452B20CB39420037D10C /* zoo_C.h */ = {isa = PBXFileReference; lastKnownFileType = sourcecode.c.h; path = zoo_C.h; sourceTree = "<group>"; };
		B387452D20CC48930037D10C /* sample-c-FASTTSP-out.txt */ = {isa = PBXFileReference; lastKnownFileType = text; path = "sample-c-FASTTSP-out.txt"; sourceTree = "<group>"; };
		B387452E20CC48930037D10C /* sample-c.txt */ = {isa = PBXFileReference; lastKnownFileType = text; path = "sample-c.txt"; sourceTree = "<group>"; };
		B387452F20CC48930037D10C /* sample-ab.txt */ = {isa = PBXFileReference; lastKnownFileType = text; path = "sample-ab.txt"; sourceTree = "<group>"; };
		B387453020CC48930037D10C /* sample-c-MST-out.txt */ = {isa = PBXFileReference; lastKnownFileType = text; path = "sample-c-MST-out.txt"; sourceTree = "<group>"; };
		B387453120CC48940037D10C /* sample-ab-MST-out.txt */ = {isa = PBXFileReference; lastKnownFileType = text; path = "sample-ab-MST-out.txt"; sourceTree = "<group>"; };
		B387453220CC48940037D10C /* sample-c-OPTTSP-out.txt */ = {isa = PBXFileReference; lastKnownFileType = text; path = "sample-c-OPTTSP-out.txt"; sourceTree = "<group>"; };
		B387453320CC48940037D10C /* sample-ab-FASTTSP-out.txt */ = {isa = PBXFileReference; lastKnownFileType = text; path = "sample-ab-FASTTSP-out.txt"; sourceTree = "<group>"; };
/* End PBXFileReference section */

/* Begin PBXFrameworksBuildPhase section */
		B304D8D020C9EE09001AAC31 /* Frameworks */ = {
			isa = PBXFrameworksBuildPhase;
			buildActionMask = 2147483647;
			files = (
			);
			runOnlyForDeploymentPostprocessing = 0;
		};
/* End PBXFrameworksBuildPhase section */

/* Begin PBXGroup section */
		B304D8CA20C9EE09001AAC31 = {
			isa = PBXGroup;
			children = (
				B304D8D520C9EE09001AAC31 /* project4 */,
				B304D8D420C9EE09001AAC31 /* Products */,
			);
			sourceTree = "<group>";
		};
		B304D8D420C9EE09001AAC31 /* Products */ = {
			isa = PBXGroup;
			children = (
				B304D8D320C9EE09001AAC31 /* project4 */,
			);
			name = Products;
			sourceTree = "<group>";
		};
		B304D8D520C9EE09001AAC31 /* project4 */ = {
			isa = PBXGroup;
			children = (
				B304D8E220CA055C001AAC31 /* Makefile */,
				B304D8DF20C9EEB2001AAC31 /* zoo_A.h */,
				B304D8DE20C9EEB2001AAC31 /* zoo_A.cpp */,
				B387452720CAF4ED0037D10C /* zoo_B.h */,
				B387452620CAF4ED0037D10C /* zoo_B.cpp */,
				B304D8D620C9EE09001AAC31 /* project4.cpp */,
				B387452B20CB39420037D10C /* zoo_C.h */,
				B387452A20CB39420037D10C /* zoo_C.cpp */,
				B387453220CC48940037D10C /* sample-c-OPTTSP-out.txt */,
				B387453020CC48930037D10C /* sample-c-MST-out.txt */,
				B387452D20CC48930037D10C /* sample-c-FASTTSP-out.txt */,
				B387452E20CC48930037D10C /* sample-c.txt */,
				B387453320CC48940037D10C /* sample-ab-FASTTSP-out.txt */,
				B387453120CC48940037D10C /* sample-ab-MST-out.txt */,
				B387452F20CC48930037D10C /* sample-ab.txt */,
				B304D8E420CA0FE0001AAC31 /* input.txt */,
				B387452920CB0D410037D10C /* output-tsp.txt */,
				B304D8E520CA25F3001AAC31 /* output-mst.txt */,
				B387451E20CAEB2E0037D10C /* test-1-MST.txt */,
				B387451C20CAEB2D0037D10C /* test-2-OPTTSP.txt */,
				B387452520CAF0090037D10C /* test-8-MST.txt */,
				B387451F20CAEB2E0037D10C /* test-3-MST.txt */,
				B387452020CAEB2E0037D10C /* test-4-FASTTSP.txt */,
				B387451D20CAEB2E0037D10C /* test-5-MST.txt */,
				B387452320CAF0090037D10C /* test-10-OPTTSP.txt */,
				B387452120CAF0080037D10C /* test-6-MST.txt */,
				B387452220CAF0080037D10C /* test-9-OPTTSP.txt */,
			);
			path = project4;
			sourceTree = "<group>";
		};
/* End PBXGroup section */

/* Begin PBXNativeTarget section */
		B304D8D220C9EE09001AAC31 /* project4 */ = {
			isa = PBXNativeTarget;
			buildConfigurationList = B304D8DA20C9EE09001AAC31 /* Build configuration list for PBXNativeTarget "project4" */;
			buildPhases = (
				B304D8CF20C9EE09001AAC31 /* Sources */,
				B304D8D020C9EE09001AAC31 /* Frameworks */,
				B304D8D120C9EE09001AAC31 /* CopyFiles */,
			);
			buildRules = (
			);
			dependencies = (
			);
			name = project4;
			productName = project4;
			productReference = B304D8D320C9EE09001AAC31 /* project4 */;
			productType = "com.apple.product-type.tool";
		};
/* End PBXNativeTarget section */

/* Begin PBXProject section */
		B304D8CB20C9EE09001AAC31 /* Project object */ = {
			isa = PBXProject;
			attributes = {
				LastUpgradeCheck = 0930;
				ORGANIZATIONNAME = "Philip Ruffini";
				TargetAttributes = {
					B304D8D220C9EE09001AAC31 = {
						CreatedOnToolsVersion = 9.3.1;
					};
				};
			};
			buildConfigurationList = B304D8CE20C9EE09001AAC31 /* Build configuration list for PBXProject "project4" */;
			compatibilityVersion = "Xcode 9.3";
			developmentRegion = en;
			hasScannedForEncodings = 0;
			knownRegions = (
				en,
			);
			mainGroup = B304D8CA20C9EE09001AAC31;
			productRefGroup = B304D8D420C9EE09001AAC31 /* Products */;
			projectDirPath = "";
			projectRoot = "";
			targets = (
				B304D8D220C9EE09001AAC31 /* project4 */,
			);
		};
/* End PBXProject section */

/* Begin PBXSourcesBuildPhase section */
		B304D8CF20C9EE09001AAC31 /* Sources */ = {
			isa = PBXSourcesBuildPhase;
			buildActionMask = 2147483647;
			files = (
				B304D8E320CA055C001AAC31 /* Makefile in Sources */,
				B387452C20CB39420037D10C /* zoo_C.cpp in Sources */,
				B304D8E020C9EEB2001AAC31 /* zoo_A.cpp in Sources */,
				B304D8D720C9EE09001AAC31 /* project4.cpp in Sources */,
				B387452820CAF4ED0037D10C /* zoo_B.cpp in Sources */,
			);
			runOnlyForDeploymentPostprocessing = 0;
		};
/* End PBXSourcesBuildPhase section */

/* Begin XCBuildConfiguration section */
		B304D8D820C9EE09001AAC31 /* Debug */ = {
			isa = XCBuildConfiguration;
			buildSettings = {
				ALWAYS_SEARCH_USER_PATHS = NO;
				CLANG_ANALYZER_NONNULL = YES;
				CLANG_ANALYZER_NUMBER_OBJECT_CONVERSION = YES_AGGRESSIVE;
				CLANG_CXX_LANGUAGE_STANDARD = "gnu++14";
				CLANG_CXX_LIBRARY = "libc++";
				CLANG_ENABLE_MODULES = YES;
				CLANG_ENABLE_OBJC_ARC = YES;
				CLANG_ENABLE_OBJC_WEAK = YES;
				CLANG_WARN_BLOCK_CAPTURE_AUTORELEASING = YES;
				CLANG_WARN_BOOL_CONVERSION = YES;
				CLANG_WARN_COMMA = YES;
				CLANG_WARN_CONSTANT_CONVERSION = YES;
				CLANG_WARN_DEPRECATED_OBJC_IMPLEMENTATIONS = YES;
				CLANG_WARN_DIRECT_OBJC_ISA_USAGE = YES_ERROR;
				CLANG_WARN_DOCUMENTATION_COMMENTS = YES;
				CLANG_WARN_EMPTY_BODY = YES;
				CLANG_WARN_ENUM_CONVERSION = YES;
				CLANG_WARN_INFINITE_RECURSION = YES;
				CLANG_WARN_INT_CONVERSION = YES;
				CLANG_WARN_NON_LITERAL_NULL_CONVERSION = YES;
				CLANG_WARN_OBJC_IMPLICIT_RETAIN_SELF = YES;
				CLANG_WARN_OBJC_LITERAL_CONVERSION = YES;
				CLANG_WARN_OBJC_ROOT_CLASS = YES_ERROR;
				CLANG_WARN_RANGE_LOOP_ANALYSIS = YES;
				CLANG_WARN_STRICT_PROTOTYPES = YES;
				CLANG_WARN_SUSPICIOUS_MOVE = YES;
				CLANG_WARN_UNGUARDED_AVAILABILITY = YES_AGGRESSIVE;
				CLANG_WARN_UNREACHABLE_CODE = YES;
				CLANG_WARN__DUPLICATE_METHOD_MATCH = YES;
				CODE_SIGN_IDENTITY = "Mac Developer";
				COPY_PHASE_STRIP = NO;
				DEBUG_INFORMATION_FORMAT = dwarf;
				ENABLE_STRICT_OBJC_MSGSEND = YES;
				ENABLE_TESTABILITY = YES;
				GCC_C_LANGUAGE_STANDARD = gnu11;
				GCC_DYNAMIC_NO_PIC = NO;
				GCC_NO_COMMON_BLOCKS = YES;
				GCC_OPTIMIZATION_LEVEL = 0;
				GCC_PREPROCESSOR_DEFINITIONS = (
					"DEBUG=1",
					"$(inherited)",
				);
				GCC_WARN_64_TO_32_BIT_CONVERSION = YES;
				GCC_WARN_ABOUT_RETURN_TYPE = YES_ERROR;
				GCC_WARN_UNDECLARED_SELECTOR = YES;
				GCC_WARN_UNINITIALIZED_AUTOS = YES_AGGRESSIVE;
				GCC_WARN_UNUSED_FUNCTION = YES;
				GCC_WARN_UNUSED_VARIABLE = YES;
				MACOSX_DEPLOYMENT_TARGET = 10.13;
				MTL_ENABLE_DEBUG_INFO = YES;
				ONLY_ACTIVE_ARCH = YES;
				SDKROOT = macosx;
			};
			name = Debug;
		};
		B304D8D920C9EE09001AAC31 /* Release */ = {
			isa = XCBuildConfiguration;
			buildSettings = {
				ALWAYS_SEARCH_USER_PATHS = NO;
				CLANG_ANALYZER_NONNULL = YES;
				CLANG_ANALYZER_NUMBER_OBJECT_CONVERSION = YES_AGGRESSIVE;
				CLANG_CXX_LANGUAGE_STANDARD = "gnu++14";
				CLANG_CXX_LIBRARY = "libc++";
				CLANG_ENABLE_MODULES = YES;
				CLANG_ENABLE_OBJC_ARC = YES;
				CLANG_ENABLE_OBJC_WEAK = YES;
				CLANG_WARN_BLOCK_CAPTURE_AUTORELEASING = YES;
				CLANG_WARN_BOOL_CONVERSION = YES;
				CLANG_WARN_COMMA = YES;
				CLANG_WARN_CONSTANT_CONVERSION = YES;
				CLANG_WARN_DEPRECATED_OBJC_IMPLEMENTATIONS = YES;
				CLANG_WARN_DIRECT_OBJC_ISA_USAGE = YES_ERROR;
				CLANG_WARN_DOCUMENTATION_COMMENTS = YES;
				CLANG_WARN_EMPTY_BODY = YES;
				CLANG_WARN_ENUM_CONVERSION = YES;
				CLANG_WARN_INFINITE_RECURSION = YES;
				CLANG_WARN_INT_CONVERSION = YES;
				CLANG_WARN_NON_LITERAL_NULL_CONVERSION = YES;
				CLANG_WARN_OBJC_IMPLICIT_RETAIN_SELF = YES;
				CLANG_WARN_OBJC_LITERAL_CONVERSION = YES;
				CLANG_WARN_OBJC_ROOT_CLASS = YES_ERROR;
				CLANG_WARN_RANGE_LOOP_ANALYSIS = YES;
				CLANG_WARN_STRICT_PROTOTYPES = YES;
				CLANG_WARN_SUSPICIOUS_MOVE = YES;
				CLANG_WARN_UNGUARDED_AVAILABILITY = YES_AGGRESSIVE;
				CLANG_WARN_UNREACHABLE_CODE = YES;
				CLANG_WARN__DUPLICATE_METHOD_MATCH = YES;
				CODE_SIGN_IDENTITY = "Mac Developer";
				COPY_PHASE_STRIP = NO;
				DEBUG_INFORMATION_FORMAT = "dwarf-with-dsym";
				ENABLE_NS_ASSERTIONS = NO;
				ENABLE_STRICT_OBJC_MSGSEND = YES;
				GCC_C_LANGUAGE_STANDARD = gnu11;
				GCC_NO_COMMON_BLOCKS = YES;
				GCC_WARN_64_TO_32_BIT_CONVERSION = YES;
				GCC_WARN_ABOUT_RETURN_TYPE = YES_ERROR;
				GCC_WARN_UNDECLARED_SELECTOR = YES;
				GCC_WARN_UNINITIALIZED_AUTOS = YES_AGGRESSIVE;
				GCC_WARN_UNUSED_FUNCTION = YES;
				GCC_WARN_UNUSED_VARIABLE = YES;
				MACOSX_DEPLOYMENT_TARGET = 10.13;
				MTL_ENABLE_DEBUG_INFO = NO;
				SDKROOT = macosx;
			};
			name = Release;
		};
		B304D8DB20C9EE09001AAC31 /* Debug */ = {
			isa = XCBuildConfiguration;
			buildSettings = {
				CODE_SIGN_STYLE = Automatic;
				DEVELOPMENT_TEAM = L58U7TV7R7;
				PRODUCT_NAME = "$(TARGET_NAME)";
			};
			name = Debug;
		};
		B304D8DC20C9EE09001AAC31 /* Release */ = {
			isa = XCBuildConfiguration;
			buildSettings = {
				CODE_SIGN_STYLE = Automatic;
				DEVELOPMENT_TEAM = L58U7TV7R7;
				PRODUCT_NAME = "$(TARGET_NAME)";
			};
			name = Release;
		};
/* End XCBuildConfiguration section */

/* Begin XCConfigurationList section */
		B304D8CE20C9EE09001AAC31 /* Build configuration list for PBXProject "project4" */ = {
			isa = XCConfigurationList;
			buildConfigurations = (
				B304D8D820C9EE09001AAC31 /* Debug */,
				B304D8D920C9EE09001AAC31 /* Release */,
			);
			defaultConfigurationIsVisible = 0;
			defaultConfigurationName = Release;
		};
		B304D8DA20C9EE09001AAC31 /* Build configuration list for PBXNativeTarget "project4" */ = {
			isa = XCConfigurationList;
			buildConfigurations = (
				B304D8DB20C9EE09001AAC31 /* Debug */,
				B304D8DC20C9EE09001AAC31 /* Release */,
			);
			defaultConfigurationIsVisible = 0;
			defaultConfigurationName = Release;
		};
/* End XCConfigurationList section */
	};
	rootObject = B304D8CB20C9EE09001AAC31 /* Project object */;
}
